
Microsoft Visual Studio Solution File, Format Version 12.00
# Visual Studio Version 17
VisualStudioVersion = 17.11.35222.181
MinimumVisualStudioVersion = 10.0.40219.1
Project("{FAE04EC0-301F-11D3-BF4B-00C04F79EFBC}") = "Prototipo.GrupoQueAprueba", "Prototipo.GrupoQueAprueba.csproj", "{CBA07307-2AFE-48C8-995A-C6226171E893}"
EndProject
Global
	GlobalSection(SolutionConfigurationPlatforms) = preSolution
		Debug|Any CPU = Debug|Any CPU
		Release|Any CPU = Release|Any CPU
	EndGlobalSection
	GlobalSection(ProjectConfigurationPlatforms) = postSolution
		{CBA07307-2AFE-48C8-995A-C6226171E893}.Debug|Any CPU.ActiveCfg = Debug|Any CPU
		{CBA07307-2AFE-48C8-995A-C6226171E893}.Debug|Any CPU.Build.0 = Debug|Any CPU
		{CBA07307-2AFE-48C8-995A-C6226171E893}.Release|Any CPU.ActiveCfg = Release|Any CPU
		{CBA07307-2AFE-48C8-995A-C6226171E893}.Release|Any CPU.Build.0 = Release|Any CPU
	EndGlobalSection
	GlobalSection(SolutionProperties) = preSolution
		HideSolutionNode = FALSE
	EndGlobalSection
	GlobalSection(ExtensibilityGlobals) = postSolution
		SolutionGuid = {7943E258-DB6E-497E-AC33-B096683486CD}
	EndGlobalSection
EndGlobal
